
Microsoft Visual Studio Solution File, Format Version 12.00
# Visual Studio Version 16
VisualStudioVersion = 16.0.32510.428
MinimumVisualStudioVersion = 10.0.40219.1
Project("{9A19103F-16F7-4668-BE54-9A1E7A4F7556}") = "BookShop", "BookShop\BookShop.csproj", "{028D3984-37EE-4F00-A1EA-241018C763AF}"
EndProject
Project("{FAE04EC0-301F-11D3-BF4B-00C04F79EFBC}") = "CustomerLibrary", "CustomerLibrary\CustomerLibrary.csproj", "{5BED499E-B614-40B2-A2FE-A233F8DF6B8B}"
EndProject
Project("{FAE04EC0-301F-11D3-BF4B-00C04F79EFBC}") = "BookLibrary", "BookLibrary\BookLibrary.csproj", "{85D0AC3D-2056-49C6-8D5B-9C4E7FF83543}"
EndProject
Project("{FAE04EC0-301F-11D3-BF4B-00C04F79EFBC}") = "TransactionLibrary", "TransactionLibrary\TransactionLibrary.csproj", "{26EC9C3E-9535-46B2-8E2E-D035B75E9B76}"
EndProject
Global
	GlobalSection(SolutionConfigurationPlatforms) = preSolution
		Debug|Any CPU = Debug|Any CPU
		Release|Any CPU = Release|Any CPU
	EndGlobalSection
	GlobalSection(ProjectConfigurationPlatforms) = postSolution
		{028D3984-37EE-4F00-A1EA-241018C763AF}.Debug|Any CPU.ActiveCfg = Debug|Any CPU
		{028D3984-37EE-4F00-A1EA-241018C763AF}.Debug|Any CPU.Build.0 = Debug|Any CPU
		{028D3984-37EE-4F00-A1EA-241018C763AF}.Release|Any CPU.ActiveCfg = Release|Any CPU
		{028D3984-37EE-4F00-A1EA-241018C763AF}.Release|Any CPU.Build.0 = Release|Any CPU
		{5BED499E-B614-40B2-A2FE-A233F8DF6B8B}.Debug|Any CPU.ActiveCfg = Debug|Any CPU
		{5BED499E-B614-40B2-A2FE-A233F8DF6B8B}.Debug|Any CPU.Build.0 = Debug|Any CPU
		{5BED499E-B614-40B2-A2FE-A233F8DF6B8B}.Release|Any CPU.ActiveCfg = Release|Any CPU
		{5BED499E-B614-40B2-A2FE-A233F8DF6B8B}.Release|Any CPU.Build.0 = Release|Any CPU
		{85D0AC3D-2056-49C6-8D5B-9C4E7FF83543}.Debug|Any CPU.ActiveCfg = Debug|Any CPU
		{85D0AC3D-2056-49C6-8D5B-9C4E7FF83543}.Debug|Any CPU.Build.0 = Debug|Any CPU
		{85D0AC3D-2056-49C6-8D5B-9C4E7FF83543}.Release|Any CPU.ActiveCfg = Release|Any CPU
		{85D0AC3D-2056-49C6-8D5B-9C4E7FF83543}.Release|Any CPU.Build.0 = Release|Any CPU
		{26EC9C3E-9535-46B2-8E2E-D035B75E9B76}.Debug|Any CPU.ActiveCfg = Debug|Any CPU
		{26EC9C3E-9535-46B2-8E2E-D035B75E9B76}.Debug|Any CPU.Build.0 = Debug|Any CPU
		{26EC9C3E-9535-46B2-8E2E-D035B75E9B76}.Release|Any CPU.ActiveCfg = Release|Any CPU
		{26EC9C3E-9535-46B2-8E2E-D035B75E9B76}.Release|Any CPU.Build.0 = Release|Any CPU
	EndGlobalSection
	GlobalSection(SolutionProperties) = preSolution
		HideSolutionNode = FALSE
	EndGlobalSection
	GlobalSection(ExtensibilityGlobals) = postSolution
		SolutionGuid = {94DC0B7E-B5B1-4A44-8FDC-97E669FB86AD}
	EndGlobalSection
EndGlobal
